
Microsoft Visual Studio Solution File, Format Version 12.00
# Visual Studio 14
VisualStudioVersion = 14.0.23107.0
MinimumVisualStudioVersion = 10.0.40219.1
Project("{FAE04EC0-301F-11D3-BF4B-00C04F79EFBC}") = "DEA", "DEA\DEA.csproj", "{1E186B33-4F29-4500-A1E9-0CE9CB87CF74}"
EndProject
Project("{FAE04EC0-301F-11D3-BF4B-00C04F79EFBC}") = "DEA.Tests", "DEA.Tests\DEA.Tests.csproj", "{C4B6B165-0183-4E40-AAD3-D72D4BB6DF97}"
EndProject
Global
	GlobalSection(SolutionConfigurationPlatforms) = preSolution
		Debug|Any CPU = Debug|Any CPU
		Release|Any CPU = Release|Any CPU
	EndGlobalSection
	GlobalSection(ProjectConfigurationPlatforms) = postSolution
		{1E186B33-4F29-4500-A1E9-0CE9CB87CF74}.Debug|Any CPU.ActiveCfg = Debug|Any CPU
		{1E186B33-4F29-4500-A1E9-0CE9CB87CF74}.Debug|Any CPU.Build.0 = Debug|Any CPU
		{1E186B33-4F29-4500-A1E9-0CE9CB87CF74}.Release|Any CPU.ActiveCfg = Release|Any CPU
		{1E186B33-4F29-4500-A1E9-0CE9CB87CF74}.Release|Any CPU.Build.0 = Release|Any CPU
		{C4B6B165-0183-4E40-AAD3-D72D4BB6DF97}.Debug|Any CPU.ActiveCfg = Debug|Any CPU
		{C4B6B165-0183-4E40-AAD3-D72D4BB6DF97}.Debug|Any CPU.Build.0 = Debug|Any CPU
		{C4B6B165-0183-4E40-AAD3-D72D4BB6DF97}.Release|Any CPU.ActiveCfg = Release|Any CPU
		{C4B6B165-0183-4E40-AAD3-D72D4BB6DF97}.Release|Any CPU.Build.0 = Release|Any CPU
	EndGlobalSection
	GlobalSection(SolutionProperties) = preSolution
		HideSolutionNode = FALSE
	EndGlobalSection
EndGlobal
